
Microsoft Visual Studio Solution File, Format Version 12.00
# Visual Studio Version 17
VisualStudioVersion = 17.6.33723.286
MinimumVisualStudioVersion = 10.0.40219.1
Project("{FAE04EC0-301F-11D3-BF4B-00C04F79EFBC}") = "ShapeServer", "ShapeServer.csproj", "{9C6893BE-32C6-42E3-97CF-9CB3F5AE0018}"
EndProject
Global
	GlobalSection(SolutionConfigurationPlatforms) = preSolution
		Debug|Any CPU = Debug|Any CPU
		Release|Any CPU = Release|Any CPU
	EndGlobalSection
	GlobalSection(ProjectConfigurationPlatforms) = postSolution
		{9C6893BE-32C6-42E3-97CF-9CB3F5AE0018}.Debug|Any CPU.ActiveCfg = Debug|Any CPU
		{9C6893BE-32C6-42E3-97CF-9CB3F5AE0018}.Debug|Any CPU.Build.0 = Debug|Any CPU
		{9C6893BE-32C6-42E3-97CF-9CB3F5AE0018}.Release|Any CPU.ActiveCfg = Release|Any CPU
		{9C6893BE-32C6-42E3-97CF-9CB3F5AE0018}.Release|Any CPU.Build.0 = Release|Any CPU
	EndGlobalSection
	GlobalSection(SolutionProperties) = preSolution
		HideSolutionNode = FALSE
	EndGlobalSection
	GlobalSection(ExtensibilityGlobals) = postSolution
		SolutionGuid = {02FB3BA9-1C8D-46CC-85A0-A35A19F54EDB}
	EndGlobalSection
EndGlobal
